
Microsoft Visual Studio Solution File, Format Version 12.00
# Visual Studio Version 17
VisualStudioVersion = 17.2.32630.192
MinimumVisualStudioVersion = 10.0.40219.1
Project("{8BC9CEB8-8B4A-11D0-8D11-00A0C91BC942}") = "CKorea", "CKorea\CKorea.vcxproj", "{EEF70CF0-8C7F-4A7A-A6A9-BC211373520B}"
EndProject
Project("{8BC9CEB8-8B4A-11D0-8D11-00A0C91BC942}") = "Day2", "Day2\Day2.vcxproj", "{CFE25618-0631-40F5-AF13-AE6A2C72E225}"
EndProject
Project("{8BC9CEB8-8B4A-11D0-8D11-00A0C91BC942}") = "Day3", "Day3\Day3.vcxproj", "{CE11834D-35F9-4341-9179-0ACDF7C68C22}"
EndProject
Project("{8BC9CEB8-8B4A-11D0-8D11-00A0C91BC942}") = "ImageDlg", "ImageDlg\ImageDlg.vcxproj", "{63171A8C-EDF6-4EB5-ABC6-E60B78269538}"
EndProject
Project("{8BC9CEB8-8B4A-11D0-8D11-00A0C91BC942}") = "Day4", "Day4\Day4.vcxproj", "{B24D94FA-AFB9-46DE-B91D-D045D1C5371C}"
EndProject
Project("{8BC9CEB8-8B4A-11D0-8D11-00A0C91BC942}") = "Day5", "Day5\Day5.vcxproj", "{BE61C602-68A0-40C1-9AEF-98B4679E9687}"
EndProject
Project("{8BC9CEB8-8B4A-11D0-8D11-00A0C91BC942}") = "Piano", "Piano\Piano.vcxproj", "{9881EDEE-4CFB-4A4C-8B39-073C91680C31}"
EndProject
Project("{8BC9CEB8-8B4A-11D0-8D11-00A0C91BC942}") = "Day6", "Day6\Day6.vcxproj", "{B4DDD026-3B35-48DA-8A26-546767CB0C10}"
EndProject
Project("{8BC9CEB8-8B4A-11D0-8D11-00A0C91BC942}") = "Mine", "Mine\Mine.vcxproj", "{A9CE02F6-9AA3-41E3-A7AE-621D6FAB7922}"
EndProject
Project("{8BC9CEB8-8B4A-11D0-8D11-00A0C91BC942}") = "Day7", "Day7\Day7.vcxproj", "{E377C489-2BA6-4DFE-A2F2-8994CE982C99}"
EndProject
Global
	GlobalSection(SolutionConfigurationPlatforms) = preSolution
		Debug|x64 = Debug|x64
		Debug|x86 = Debug|x86
		Release|x64 = Release|x64
		Release|x86 = Release|x86
	EndGlobalSection
	GlobalSection(ProjectConfigurationPlatforms) = postSolution
		{EEF70CF0-8C7F-4A7A-A6A9-BC211373520B}.Debug|x64.ActiveCfg = Debug|x64
		{EEF70CF0-8C7F-4A7A-A6A9-BC211373520B}.Debug|x64.Build.0 = Debug|x64
		{EEF70CF0-8C7F-4A7A-A6A9-BC211373520B}.Debug|x86.ActiveCfg = Debug|Win32
		{EEF70CF0-8C7F-4A7A-A6A9-BC211373520B}.Debug|x86.Build.0 = Debug|Win32
		{EEF70CF0-8C7F-4A7A-A6A9-BC211373520B}.Release|x64.ActiveCfg = Release|x64
		{EEF70CF0-8C7F-4A7A-A6A9-BC211373520B}.Release|x64.Build.0 = Release|x64
		{EEF70CF0-8C7F-4A7A-A6A9-BC211373520B}.Release|x86.ActiveCfg = Release|Win32
		{EEF70CF0-8C7F-4A7A-A6A9-BC211373520B}.Release|x86.Build.0 = Release|Win32
		{CFE25618-0631-40F5-AF13-AE6A2C72E225}.Debug|x64.ActiveCfg = Debug|x64
		{CFE25618-0631-40F5-AF13-AE6A2C72E225}.Debug|x64.Build.0 = Debug|x64
		{CFE25618-0631-40F5-AF13-AE6A2C72E225}.Debug|x86.ActiveCfg = Debug|Win32
		{CFE25618-0631-40F5-AF13-AE6A2C72E225}.Debug|x86.Build.0 = Debug|Win32
		{CFE25618-0631-40F5-AF13-AE6A2C72E225}.Release|x64.ActiveCfg = Release|x64
		{CFE25618-0631-40F5-AF13-AE6A2C72E225}.Release|x64.Build.0 = Release|x64
		{CFE25618-0631-40F5-AF13-AE6A2C72E225}.Release|x86.ActiveCfg = Release|Win32
		{CFE25618-0631-40F5-AF13-AE6A2C72E225}.Release|x86.Build.0 = Release|Win32
		{CE11834D-35F9-4341-9179-0ACDF7C68C22}.Debug|x64.ActiveCfg = Debug|x64
		{CE11834D-35F9-4341-9179-0ACDF7C68C22}.Debug|x64.Build.0 = Debug|x64
		{CE11834D-35F9-4341-9179-0ACDF7C68C22}.Debug|x86.ActiveCfg = Debug|Win32
		{CE11834D-35F9-4341-9179-0ACDF7C68C22}.Debug|x86.Build.0 = Debug|Win32
		{CE11834D-35F9-4341-9179-0ACDF7C68C22}.Release|x64.ActiveCfg = Release|x64
		{CE11834D-35F9-4341-9179-0ACDF7C68C22}.Release|x64.Build.0 = Release|x64
		{CE11834D-35F9-4341-9179-0ACDF7C68C22}.Release|x86.ActiveCfg = Release|Win32
		{CE11834D-35F9-4341-9179-0ACDF7C68C22}.Release|x86.Build.0 = Release|Win32
		{63171A8C-EDF6-4EB5-ABC6-E60B78269538}.Debug|x64.ActiveCfg = Debug|x64
		{63171A8C-EDF6-4EB5-ABC6-E60B78269538}.Debug|x64.Build.0 = Debug|x64
		{63171A8C-EDF6-4EB5-ABC6-E60B78269538}.Debug|x86.ActiveCfg = Debug|Win32
		{63171A8C-EDF6-4EB5-ABC6-E60B78269538}.Debug|x86.Build.0 = Debug|Win32
		{63171A8C-EDF6-4EB5-ABC6-E60B78269538}.Release|x64.ActiveCfg = Release|x64
		{63171A8C-EDF6-4EB5-ABC6-E60B78269538}.Release|x64.Build.0 = Release|x64
		{63171A8C-EDF6-4EB5-ABC6-E60B78269538}.Release|x86.ActiveCfg = Release|Win32
		{63171A8C-EDF6-4EB5-ABC6-E60B78269538}.Release|x86.Build.0 = Release|Win32
		{B24D94FA-AFB9-46DE-B91D-D045D1C5371C}.Debug|x64.ActiveCfg = Debug|x64
		{B24D94FA-AFB9-46DE-B91D-D045D1C5371C}.Debug|x64.Build.0 = Debug|x64
		{B24D94FA-AFB9-46DE-B91D-D045D1C5371C}.Debug|x86.ActiveCfg = Debug|Win32
		{B24D94FA-AFB9-46DE-B91D-D045D1C5371C}.Debug|x86.Build.0 = Debug|Win32
		{B24D94FA-AFB9-46DE-B91D-D045D1C5371C}.Release|x64.ActiveCfg = Release|x64
		{B24D94FA-AFB9-46DE-B91D-D045D1C5371C}.Release|x64.Build.0 = Release|x64
		{B24D94FA-AFB9-46DE-B91D-D045D1C5371C}.Release|x86.ActiveCfg = Release|Win32
		{B24D94FA-AFB9-46DE-B91D-D045D1C5371C}.Release|x86.Build.0 = Release|Win32
		{BE61C602-68A0-40C1-9AEF-98B4679E9687}.Debug|x64.ActiveCfg = Debug|x64
		{BE61C602-68A0-40C1-9AEF-98B4679E9687}.Debug|x64.Build.0 = Debug|x64
		{BE61C602-68A0-40C1-9AEF-98B4679E9687}.Debug|x86.ActiveCfg = Debug|Win32
		{BE61C602-68A0-40C1-9AEF-98B4679E9687}.Debug|x86.Build.0 = Debug|Win32
		{BE61C602-68A0-40C1-9AEF-98B4679E9687}.Release|x64.ActiveCfg = Release|x64
		{BE61C602-68A0-40C1-9AEF-98B4679E9687}.Release|x64.Build.0 = Release|x64
		{BE61C602-68A0-40C1-9AEF-98B4679E9687}.Release|x86.ActiveCfg = Release|Win32
		{BE61C602-68A0-40C1-9AEF-98B4679E9687}.Release|x86.Build.0 = Release|Win32
		{9881EDEE-4CFB-4A4C-8B39-073C91680C31}.Debug|x64.ActiveCfg = Debug|x64
		{9881EDEE-4CFB-4A4C-8B39-073C91680C31}.Debug|x64.Build.0 = Debug|x64
		{9881EDEE-4CFB-4A4C-8B39-073C91680C31}.Debug|x86.ActiveCfg = Debug|Win32
		{9881EDEE-4CFB-4A4C-8B39-073C91680C31}.Debug|x86.Build.0 = Debug|Win32
		{9881EDEE-4CFB-4A4C-8B39-073C91680C31}.Release|x64.ActiveCfg = Release|x64
		{9881EDEE-4CFB-4A4C-8B39-073C91680C31}.Release|x64.Build.0 = Release|x64
		{9881EDEE-4CFB-4A4C-8B39-073C91680C31}.Release|x86.ActiveCfg = Release|Win32
		{9881EDEE-4CFB-4A4C-8B39-073C91680C31}.Release|x86.Build.0 = Release|Win32
		{B4DDD026-3B35-48DA-8A26-546767CB0C10}.Debug|x64.ActiveCfg = Debug|x64
		{B4DDD026-3B35-48DA-8A26-546767CB0C10}.Debug|x64.Build.0 = Debug|x64
		{B4DDD026-3B35-48DA-8A26-546767CB0C10}.Debug|x86.ActiveCfg = Debug|Win32
		{B4DDD026-3B35-48DA-8A26-546767CB0C10}.Debug|x86.Build.0 = Debug|Win32
		{B4DDD026-3B35-48DA-8A26-546767CB0C10}.Release|x64.ActiveCfg = Release|x64
		{B4DDD026-3B35-48DA-8A26-546767CB0C10}.Release|x64.Build.0 = Release|x64
		{B4DDD026-3B35-48DA-8A26-546767CB0C10}.Release|x86.ActiveCfg = Release|Win32
		{B4DDD026-3B35-48DA-8A26-546767CB0C10}.Release|x86.Build.0 = Release|Win32
		{A9CE02F6-9AA3-41E3-A7AE-621D6FAB7922}.Debug|x64.ActiveCfg = Debug|x64
		{A9CE02F6-9AA3-41E3-A7AE-621D6FAB7922}.Debug|x64.Build.0 = Debug|x64
		{A9CE02F6-9AA3-41E3-A7AE-621D6FAB7922}.Debug|x86.ActiveCfg = Debug|Win32
		{A9CE02F6-9AA3-41E3-A7AE-621D6FAB7922}.Debug|x86.Build.0 = Debug|Win32
		{A9CE02F6-9AA3-41E3-A7AE-621D6FAB7922}.Release|x64.ActiveCfg = Release|x64
		{A9CE02F6-9AA3-41E3-A7AE-621D6FAB7922}.Release|x64.Build.0 = Release|x64
		{A9CE02F6-9AA3-41E3-A7AE-621D6FAB7922}.Release|x86.ActiveCfg = Release|Win32
		{A9CE02F6-9AA3-41E3-A7AE-621D6FAB7922}.Release|x86.Build.0 = Release|Win32
		{E377C489-2BA6-4DFE-A2F2-8994CE982C99}.Debug|x64.ActiveCfg = Debug|x64
		{E377C489-2BA6-4DFE-A2F2-8994CE982C99}.Debug|x64.Build.0 = Debug|x64
		{E377C489-2BA6-4DFE-A2F2-8994CE982C99}.Debug|x86.ActiveCfg = Debug|Win32
		{E377C489-2BA6-4DFE-A2F2-8994CE982C99}.Debug|x86.Build.0 = Debug|Win32
		{E377C489-2BA6-4DFE-A2F2-8994CE982C99}.Release|x64.ActiveCfg = Release|x64
		{E377C489-2BA6-4DFE-A2F2-8994CE982C99}.Release|x64.Build.0 = Release|x64
		{E377C489-2BA6-4DFE-A2F2-8994CE982C99}.Release|x86.ActiveCfg = Release|Win32
		{E377C489-2BA6-4DFE-A2F2-8994CE982C99}.Release|x86.Build.0 = Release|Win32
	EndGlobalSection
	GlobalSection(SolutionProperties) = preSolution
		HideSolutionNode = FALSE
	EndGlobalSection
	GlobalSection(ExtensibilityGlobals) = postSolution
		SolutionGuid = {462FB8F0-068B-40C0-A36C-8C9F4A1F480C}
	EndGlobalSection
EndGlobal
